Microsoft Visual Studio Solution File, Format Version 12.00
# Visual Studio Version 17
VisualStudioVersion = 17.14.35821.62
MinimumVisualStudioVersion = 10.0.40219.1
Project("{FAE04EC0-301F-11D3-BF4B-00C04F79EFBC}") = "OpenAi.MVC", "OpenAi.MVC\OpenAi.MVC.csproj", "{FE184C58-AC88-491A-AE5F-A0AFCE72786D}"
EndProject
Global
	GlobalSection(SolutionConfigurationPlatforms) = preSolution
		Debug|Any CPU = Debug|Any CPU
		Release|Any CPU = Release|Any CPU
	EndGlobalSection
	GlobalSection(ProjectConfigurationPlatforms) = postSolution
		{FE184C58-AC88-491A-AE5F-A0AFCE72786D}.Debug|Any CPU.ActiveCfg = Debug|Any CPU
		{FE184C58-AC88-491A-AE5F-A0AFCE72786D}.Debug|Any CPU.Build.0 = Debug|Any CPU
		{FE184C58-AC88-491A-AE5F-A0AFCE72786D}.Release|Any CPU.ActiveCfg = Release|Any CPU
		{FE184C58-AC88-491A-AE5F-A0AFCE72786D}.Release|Any CPU.Build.0 = Release|Any CPU
	EndGlobalSection
	GlobalSection(SolutionProperties) = preSolution
		HideSolutionNode = FALSE
	EndGlobalSection
	GlobalSection(ExtensibilityGlobals) = postSolution
		SolutionGuid = {AFBA7CEF-5982-429F-968A-FDF7F03AE0F0}
	EndGlobalSection
EndGlobal
